
Microsoft Visual Studio Solution File, Format Version 12.00
# Visual Studio 2013
VisualStudioVersion = 12.0.21005.1
MinimumVisualStudioVersion = 10.0.40219.1
Project("{2150E333-8FDC-42A3-9474-1A3956D46DE8}") = "Business", "Business", "{3C84BFDF-D4B1-4870-8150-03380449D82C}"
EndProject
Project("{2150E333-8FDC-42A3-9474-1A3956D46DE8}") = "Hosts", "Hosts", "{4B1ADD57-C78B-4206-A6CA-F1113BE3792E}"
EndProject
Project("{2150E333-8FDC-42A3-9474-1A3956D46DE8}") = "Shared", "Shared", "{3224EAB7-E621-4440-A1A4-DC24C33C6E27}"
EndProject
Project("{2150E333-8FDC-42A3-9474-1A3956D46DE8}") = "Tests", "Tests", "{598ED954-4722-4E14-84A6-F3E395C49BF3}"
EndProject
Project("{2150E333-8FDC-42A3-9474-1A3956D46DE8}") = "Architecture", "Architecture", "{B30A0487-C042-4571-9122-CD84CE105E4F}"
EndProject
Project("{FAE04EC0-301F-11D3-BF4B-00C04F79EFBC}") = "DIYPackaging.Framework", "Shared\DIYPackaging.Framework\DIYPackaging.Framework.csproj", "{369E1FC7-8587-4D35-A59E-CCDA32F3A866}"
EndProject
Project("{FAE04EC0-301F-11D3-BF4B-00C04F79EFBC}") = "DIYPackaging.Entities", "Shared\DIYPackaging.Entities\DIYPackaging.Entities.csproj", "{BA657959-1E39-4F29-A9F3-50A18E9E2E57}"
EndProject
Project("{2150E333-8FDC-42A3-9474-1A3956D46DE8}") = "Data", "Data", "{2097DAFE-F31E-4ACA-9DEE-45AC6EF94979}"
EndProject
Project("{FAE04EC0-301F-11D3-BF4B-00C04F79EFBC}") = "DIYPackaging.Data", "Data\DIYPackaging.Data\DIYPackaging.Data.csproj", "{8AA6B942-E32E-483B-8885-FCC499621ACF}"
EndProject
Project("{FAE04EC0-301F-11D3-BF4B-00C04F79EFBC}") = "DIYPackaging.Business", "Business\DIYPackaging.Business\DIYPackaging.Business.csproj", "{412E259F-3366-45CC-B2FC-EC3B9EE09ED7}"
EndProject
Project("{FAE04EC0-301F-11D3-BF4B-00C04F79EFBC}") = "DIYPackaging.Workflows.Activities", "Business\DIYPackaging.Workflows.Activities\DIYPackaging.Workflows.Activities.csproj", "{7E982FA3-74B1-42EB-BDA4-525AB8BC6825}"
EndProject
Project("{FAE04EC0-301F-11D3-BF4B-00C04F79EFBC}") = "DIYPackaging.Workflows.Designers", "Business\DIYPackaging.Workflows.Designers\DIYPackaging.Workflows.Designers.csproj", "{ECE3B46A-5D2C-4AB6-9A26-75A1E31596C3}"
EndProject
Project("{FAE04EC0-301F-11D3-BF4B-00C04F79EFBC}") = "DIYPackaging.Workflows", "Business\DIYPackaging.Workflows\DIYPackaging.Workflows.csproj", "{02C87B60-BF49-4875-A7BA-668A630D510A}"
EndProject
Project("{2150E333-8FDC-42A3-9474-1A3956D46DE8}") = "Services", "Services", "{3AC09FC3-3404-42E2-8F59-F744BC4FFAAC}"
EndProject
Project("{FAE04EC0-301F-11D3-BF4B-00C04F79EFBC}") = "DIYPackaging.Services.Contracts", "Services\DIYPackaging.Services.Contracts\DIYPackaging.Services.Contracts.csproj", "{6D00E2DE-08A5-42D4-905D-0114812245BC}"
EndProject
Project("{FAE04EC0-301F-11D3-BF4B-00C04F79EFBC}") = "DIYPackaging.Services", "Services\DIYPackaging.Services\DIYPackaging.Services.csproj", "{13FF9EF9-5300-4BA2-9F0E-FB0C9166A942}"
EndProject
Project("{FAE04EC0-301F-11D3-BF4B-00C04F79EFBC}") = "DIYPackaging.Hosts.Web", "Hosts\DIYPackaging.Hosts.Web\DIYPackaging.Hosts.Web.csproj", "{B8FF1A2D-E1BF-46F1-9FA1-89744F8BEE13}"
EndProject
Project("{F088123C-0E9E-452A-89E6-6BA2F21D5CAC}") = "DIYPackaging.Modeling", "Architecture\DIYPackaging.Modeling\DIYPackaging.Modeling.modelproj", "{3DD58569-F31B-4502-9E4A-737EF8C3AEFE}"
EndProject
Global
	GlobalSection(SolutionConfigurationPlatforms) = preSolution
		Debug|Any CPU = Debug|Any CPU
		Release|Any CPU = Release|Any CPU
	EndGlobalSection
	GlobalSection(ProjectConfigurationPlatforms) = postSolution
		{369E1FC7-8587-4D35-A59E-CCDA32F3A866}.Debug|Any CPU.ActiveCfg = Debug|Any CPU
		{369E1FC7-8587-4D35-A59E-CCDA32F3A866}.Debug|Any CPU.Build.0 = Debug|Any CPU
		{369E1FC7-8587-4D35-A59E-CCDA32F3A866}.Release|Any CPU.ActiveCfg = Release|Any CPU
		{369E1FC7-8587-4D35-A59E-CCDA32F3A866}.Release|Any CPU.Build.0 = Release|Any CPU
		{BA657959-1E39-4F29-A9F3-50A18E9E2E57}.Debug|Any CPU.ActiveCfg = Debug|Any CPU
		{BA657959-1E39-4F29-A9F3-50A18E9E2E57}.Debug|Any CPU.Build.0 = Debug|Any CPU
		{BA657959-1E39-4F29-A9F3-50A18E9E2E57}.Release|Any CPU.ActiveCfg = Release|Any CPU
		{BA657959-1E39-4F29-A9F3-50A18E9E2E57}.Release|Any CPU.Build.0 = Release|Any CPU
		{8AA6B942-E32E-483B-8885-FCC499621ACF}.Debug|Any CPU.ActiveCfg = Debug|Any CPU
		{8AA6B942-E32E-483B-8885-FCC499621ACF}.Debug|Any CPU.Build.0 = Debug|Any CPU
		{8AA6B942-E32E-483B-8885-FCC499621ACF}.Release|Any CPU.ActiveCfg = Release|Any CPU
		{8AA6B942-E32E-483B-8885-FCC499621ACF}.Release|Any CPU.Build.0 = Release|Any CPU
		{412E259F-3366-45CC-B2FC-EC3B9EE09ED7}.Debug|Any CPU.ActiveCfg = Debug|Any CPU
		{412E259F-3366-45CC-B2FC-EC3B9EE09ED7}.Debug|Any CPU.Build.0 = Debug|Any CPU
		{412E259F-3366-45CC-B2FC-EC3B9EE09ED7}.Release|Any CPU.ActiveCfg = Release|Any CPU
		{412E259F-3366-45CC-B2FC-EC3B9EE09ED7}.Release|Any CPU.Build.0 = Release|Any CPU
		{7E982FA3-74B1-42EB-BDA4-525AB8BC6825}.Debug|Any CPU.ActiveCfg = Debug|Any CPU
		{7E982FA3-74B1-42EB-BDA4-525AB8BC6825}.Debug|Any CPU.Build.0 = Debug|Any CPU
		{7E982FA3-74B1-42EB-BDA4-525AB8BC6825}.Release|Any CPU.ActiveCfg = Release|Any CPU
		{7E982FA3-74B1-42EB-BDA4-525AB8BC6825}.Release|Any CPU.Build.0 = Release|Any CPU
		{ECE3B46A-5D2C-4AB6-9A26-75A1E31596C3}.Debug|Any CPU.ActiveCfg = Debug|Any CPU
		{ECE3B46A-5D2C-4AB6-9A26-75A1E31596C3}.Debug|Any CPU.Build.0 = Debug|Any CPU
		{ECE3B46A-5D2C-4AB6-9A26-75A1E31596C3}.Release|Any CPU.ActiveCfg = Release|Any CPU
		{ECE3B46A-5D2C-4AB6-9A26-75A1E31596C3}.Release|Any CPU.Build.0 = Release|Any CPU
		{02C87B60-BF49-4875-A7BA-668A630D510A}.Debug|Any CPU.ActiveCfg = Debug|Any CPU
		{02C87B60-BF49-4875-A7BA-668A630D510A}.Debug|Any CPU.Build.0 = Debug|Any CPU
		{02C87B60-BF49-4875-A7BA-668A630D510A}.Release|Any CPU.ActiveCfg = Release|Any CPU
		{02C87B60-BF49-4875-A7BA-668A630D510A}.Release|Any CPU.Build.0 = Release|Any CPU
		{6D00E2DE-08A5-42D4-905D-0114812245BC}.Debug|Any CPU.ActiveCfg = Debug|Any CPU
		{6D00E2DE-08A5-42D4-905D-0114812245BC}.Debug|Any CPU.Build.0 = Debug|Any CPU
		{6D00E2DE-08A5-42D4-905D-0114812245BC}.Release|Any CPU.ActiveCfg = Release|Any CPU
		{6D00E2DE-08A5-42D4-905D-0114812245BC}.Release|Any CPU.Build.0 = Release|Any CPU
		{13FF9EF9-5300-4BA2-9F0E-FB0C9166A942}.Debug|Any CPU.ActiveCfg = Debug|Any CPU
		{13FF9EF9-5300-4BA2-9F0E-FB0C9166A942}.Debug|Any CPU.Build.0 = Debug|Any CPU
		{13FF9EF9-5300-4BA2-9F0E-FB0C9166A942}.Release|Any CPU.ActiveCfg = Release|Any CPU
		{13FF9EF9-5300-4BA2-9F0E-FB0C9166A942}.Release|Any CPU.Build.0 = Release|Any CPU
		{B8FF1A2D-E1BF-46F1-9FA1-89744F8BEE13}.Debug|Any CPU.ActiveCfg = Debug|Any CPU
		{B8FF1A2D-E1BF-46F1-9FA1-89744F8BEE13}.Debug|Any CPU.Build.0 = Debug|Any CPU
		{B8FF1A2D-E1BF-46F1-9FA1-89744F8BEE13}.Release|Any CPU.ActiveCfg = Release|Any CPU
		{B8FF1A2D-E1BF-46F1-9FA1-89744F8BEE13}.Release|Any CPU.Build.0 = Release|Any CPU
		{3DD58569-F31B-4502-9E4A-737EF8C3AEFE}.Debug|Any CPU.ActiveCfg = Debug|Any CPU
		{3DD58569-F31B-4502-9E4A-737EF8C3AEFE}.Debug|Any CPU.Build.0 = Debug|Any CPU
		{3DD58569-F31B-4502-9E4A-737EF8C3AEFE}.Release|Any CPU.ActiveCfg = Release|Any CPU
		{3DD58569-F31B-4502-9E4A-737EF8C3AEFE}.Release|Any CPU.Build.0 = Release|Any CPU
	EndGlobalSection
	GlobalSection(SolutionProperties) = preSolution
		HideSolutionNode = FALSE
	EndGlobalSection
	GlobalSection(NestedProjects) = preSolution
		{412E259F-3366-45CC-B2FC-EC3B9EE09ED7} = {3C84BFDF-D4B1-4870-8150-03380449D82C}
		{7E982FA3-74B1-42EB-BDA4-525AB8BC6825} = {3C84BFDF-D4B1-4870-8150-03380449D82C}
		{ECE3B46A-5D2C-4AB6-9A26-75A1E31596C3} = {3C84BFDF-D4B1-4870-8150-03380449D82C}
		{02C87B60-BF49-4875-A7BA-668A630D510A} = {3C84BFDF-D4B1-4870-8150-03380449D82C}
		{B8FF1A2D-E1BF-46F1-9FA1-89744F8BEE13} = {4B1ADD57-C78B-4206-A6CA-F1113BE3792E}
		{369E1FC7-8587-4D35-A59E-CCDA32F3A866} = {3224EAB7-E621-4440-A1A4-DC24C33C6E27}
		{BA657959-1E39-4F29-A9F3-50A18E9E2E57} = {3224EAB7-E621-4440-A1A4-DC24C33C6E27}
		{3DD58569-F31B-4502-9E4A-737EF8C3AEFE} = {B30A0487-C042-4571-9122-CD84CE105E4F}
		{8AA6B942-E32E-483B-8885-FCC499621ACF} = {2097DAFE-F31E-4ACA-9DEE-45AC6EF94979}
		{6D00E2DE-08A5-42D4-905D-0114812245BC} = {3AC09FC3-3404-42E2-8F59-F744BC4FFAAC}
		{13FF9EF9-5300-4BA2-9F0E-FB0C9166A942} = {3AC09FC3-3404-42E2-8F59-F744BC4FFAAC}
	EndGlobalSection
EndGlobal
